Microsoft Visual Studio Solution File, Format Version 12.00
# Visual Studio Version 17
VisualStudioVersion = 17.5.2.0
MinimumVisualStudioVersion = 10.0.40219.1
Project("{FAE04EC0-301F-11D3-BF4B-00C04F79EFBC}") = "CsByExample", "CsByExample.csproj", "{958570D7-D67E-8C54-E8B4-77C112BDF56A}"
EndProject
Global
	GlobalSection(SolutionConfigurationPlatforms) = preSolution
		Debug|Any CPU = Debug|Any CPU
		Release|Any CPU = Release|Any CPU
	EndGlobalSection
	GlobalSection(ProjectConfigurationPlatforms) = postSolution
		{958570D7-D67E-8C54-E8B4-77C112BDF56A}.Debug|Any CPU.ActiveCfg = Debug|Any CPU
		{958570D7-D67E-8C54-E8B4-77C112BDF56A}.Debug|Any CPU.Build.0 = Debug|Any CPU
		{958570D7-D67E-8C54-E8B4-77C112BDF56A}.Release|Any CPU.ActiveCfg = Release|Any CPU
		{958570D7-D67E-8C54-E8B4-77C112BDF56A}.Release|Any CPU.Build.0 = Release|Any CPU
	EndGlobalSection
	GlobalSection(SolutionProperties) = preSolution
		HideSolutionNode = FALSE
	EndGlobalSection
	GlobalSection(ExtensibilityGlobals) = postSolution
		SolutionGuid = {1A6C3088-8013-40FF-A14A-FD66D6CC21D6}
	EndGlobalSection
EndGlobal
